// !$*UTF8*$!
{
	archiveVersion = 1;
	classes = {
	};
	objectVersion = 46;
	objects = {

/* Begin PBXAggregateTarget section */
		"gqlschemagenerator::GQLSchemaGeneratorPackageTests::ProductTarget" /* GQLSchemaGeneratorPackageTests */ = {
			isa = PBXAggregateTarget;
			buildConfigurationList = OBJ_206 /* Build configuration list for PBXAggregateTarget "GQLSchemaGeneratorPackageTests" */;
			buildPhases = (
			);
			dependencies = (
				OBJ_209 /* PBXTargetDependency */,
			);
			name = GQLSchemaGeneratorPackageTests;
			productName = GQLSchemaGeneratorPackageTests;
		};
/* End PBXAggregateTarget section */

/* Begin PBXBuildFile section */
		15FB3EF128DA308300DD72C0 /* Gen$aliases.swift in Sources */ = {isa = PBXBuildFile; fileRef = 15FB3EEB28DA308200DD72C0 /* Gen$aliases.swift */; };
		15FB3EF228DA308300DD72C0 /* Gen$enums.swift in Sources */ = {isa = PBXBuildFile; fileRef = 15FB3EEC28DA308300DD72C0 /* Gen$enums.swift */; };
		15FB3EF328DA308300DD72C0 /* Gen$queries.swift in Sources */ = {isa = PBXBuildFile; fileRef = 15FB3EED28DA308300DD72C0 /* Gen$queries.swift */; };
		15FB3EF428DA308300DD72C0 /* Gen$rootQueries.swift in Sources */ = {isa = PBXBuildFile; fileRef = 15FB3EEE28DA308300DD72C0 /* Gen$rootQueries.swift */; };
		15FB3EF528DA308300DD72C0 /* Gen$fragments.swift in Sources */ = {isa = PBXBuildFile; fileRef = 15FB3EEF28DA308300DD72C0 /* Gen$fragments.swift */; };
		15FB3EF628DA308300DD72C0 /* Gen$inputs.swift in Sources */ = {isa = PBXBuildFile; fileRef = 15FB3EF028DA308300DD72C0 /* Gen$inputs.swift */; };
		OBJ_132 /* Environment.swift in Sources */ = {isa = PBXBuildFile; fileRef = OBJ_98 /* Environment.swift */; };
		OBJ_133 /* GraphQLContainerType.swift in Sources */ = {isa = PBXBuildFile; fileRef = OBJ_99 /* GraphQLContainerType.swift */; };
		OBJ_134 /* GraphQLField.swift in Sources */ = {isa = PBXBuildFile; fileRef = OBJ_100 /* GraphQLField.swift */; };
		OBJ_135 /* GraphQLFragment.swift in Sources */ = {isa = PBXBuildFile; fileRef = OBJ_101 /* GraphQLFragment.swift */; };
		OBJ_136 /* GraphQLInlineFragment.swift in Sources */ = {isa = PBXBuildFile; fileRef = OBJ_102 /* GraphQLInlineFragment.swift */; };
		OBJ_137 /* GraphQLInputType.swift in Sources */ = {isa = PBXBuildFile; fileRef = OBJ_103 /* GraphQLInputType.swift */; };
		OBJ_138 /* GraphQLOperation.swift in Sources */ = {isa = PBXBuildFile; fileRef = OBJ_104 /* GraphQLOperation.swift */; };
		OBJ_139 /* GraphQLOrders.swift in Sources */ = {isa = PBXBuildFile; fileRef = OBJ_105 /* GraphQLOrders.swift */; };
		OBJ_140 /* GraphQLParameter.swift in Sources */ = {isa = PBXBuildFile; fileRef = OBJ_106 /* GraphQLParameter.swift */; };
		OBJ_141 /* GraphQLPredicates.swift in Sources */ = {isa = PBXBuildFile; fileRef = OBJ_107 /* GraphQLPredicates.swift */; };
		OBJ_142 /* GraphQLReferenceType.swift in Sources */ = {isa = PBXBuildFile; fileRef = OBJ_108 /* GraphQLReferenceType.swift */; };
		OBJ_143 /* GraphQLScalarType.swift in Sources */ = {isa = PBXBuildFile; fileRef = OBJ_109 /* GraphQLScalarType.swift */; };
		OBJ_144 /* GraphQLTypedField.swift in Sources */ = {isa = PBXBuildFile; fileRef = OBJ_110 /* GraphQLTypedField.swift */; };
		OBJ_145 /* GraphQLValue.swift in Sources */ = {isa = PBXBuildFile; fileRef = OBJ_111 /* GraphQLValue.swift */; };
		OBJ_146 /* GraphQLValueType.swift in Sources */ = {isa = PBXBuildFile; fileRef = OBJ_112 /* GraphQLValueType.swift */; };
		OBJ_147 /* GraphQLVariable.swift in Sources */ = {isa = PBXBuildFile; fileRef = OBJ_113 /* GraphQLVariable.swift */; };
		OBJ_148 /* Collection+Append.swift in Sources */ = {isa = PBXBuildFile; fileRef = OBJ_115 /* Collection+Append.swift */; };
		OBJ_155 /* main.swift in Sources */ = {isa = PBXBuildFile; fileRef = OBJ_9 /* main.swift */; };
		OBJ_157 /* GQLSchemaGeneratorCore.framework in Frameworks */ = {isa = PBXBuildFile; fileRef = "gqlschemagenerator::GQLSchemaGeneratorCore::Product" /* GQLSchemaGeneratorCore.framework */; };
		OBJ_164 /* Describeable.swift in Sources */ = {isa = PBXBuildFile; fileRef = OBJ_12 /* Describeable.swift */; };
		OBJ_165 /* Nameable.swift in Sources */ = {isa = PBXBuildFile; fileRef = OBJ_13 /* Nameable.swift */; };
		OBJ_166 /* Typeable.swift in Sources */ = {isa = PBXBuildFile; fileRef = OBJ_14 /* Typeable.swift */; };
		OBJ_167 /* __Schema.__Argument.swift in Sources */ = {isa = PBXBuildFile; fileRef = OBJ_15 /* __Schema.__Argument.swift */; };
		OBJ_168 /* __Schema.__EnumValue.swift in Sources */ = {isa = PBXBuildFile; fileRef = OBJ_16 /* __Schema.__EnumValue.swift */; };
		OBJ_169 /* __Schema.__Field.swift in Sources */ = {isa = PBXBuildFile; fileRef = OBJ_17 /* __Schema.__Field.swift */; };
		OBJ_170 /* __Schema.__InputField.swift in Sources */ = {isa = PBXBuildFile; fileRef = OBJ_18 /* __Schema.__InputField.swift */; };
		OBJ_171 /* __Schema.__Kind.swift in Sources */ = {isa = PBXBuildFile; fileRef = OBJ_19 /* __Schema.__Kind.swift */; };
		OBJ_172 /* __Schema.__Object.swift in Sources */ = {isa = PBXBuildFile; fileRef = OBJ_20 /* __Schema.__Object.swift */; };
		OBJ_173 /* __Schema.__ObjectType.swift in Sources */ = {isa = PBXBuildFile; fileRef = OBJ_21 /* __Schema.__ObjectType.swift */; };
		OBJ_174 /* __Schema.swift in Sources */ = {isa = PBXBuildFile; fileRef = OBJ_22 /* __Schema.swift */; };
		OBJ_175 /* Arguments.swift in Sources */ = {isa = PBXBuildFile; fileRef = OBJ_23 /* Arguments.swift */; };
		OBJ_176 /* Containable.swift in Sources */ = {isa = PBXBuildFile; fileRef = OBJ_25 /* Containable.swift */; };
		OBJ_177 /* Containing.swift in Sources */ = {isa = PBXBuildFile; fileRef = OBJ_26 /* Containing.swift */; };
		OBJ_178 /* StringRepresentable.swift in Sources */ = {isa = PBXBuildFile; fileRef = OBJ_27 /* StringRepresentable.swift */; };
		OBJ_179 /* Swift.Alias.swift in Sources */ = {isa = PBXBuildFile; fileRef = OBJ_28 /* Swift.Alias.swift */; };
		OBJ_180 /* Swift.Annotation.swift in Sources */ = {isa = PBXBuildFile; fileRef = OBJ_29 /* Swift.Annotation.swift */; };
		OBJ_181 /* Swift.Class.swift in Sources */ = {isa = PBXBuildFile; fileRef = OBJ_30 /* Swift.Class.swift */; };
		OBJ_182 /* Swift.Container.swift in Sources */ = {isa = PBXBuildFile; fileRef = OBJ_31 /* Swift.Container.swift */; };
		OBJ_183 /* Swift.EnumCase.swift in Sources */ = {isa = PBXBuildFile; fileRef = OBJ_32 /* Swift.EnumCase.swift */; };
		OBJ_184 /* Swift.Generator.swift in Sources */ = {isa = PBXBuildFile; fileRef = OBJ_33 /* Swift.Generator.swift */; };
		OBJ_185 /* Swift.Import.swift in Sources */ = {isa = PBXBuildFile; fileRef = OBJ_34 /* Swift.Import.swift */; };
		OBJ_186 /* Swift.Line.swift in Sources */ = {isa = PBXBuildFile; fileRef = OBJ_35 /* Swift.Line.swift */; };
		OBJ_187 /* Swift.Method.swift in Sources */ = {isa = PBXBuildFile; fileRef = OBJ_36 /* Swift.Method.swift */; };
		OBJ_188 /* Swift.Property.swift in Sources */ = {isa = PBXBuildFile; fileRef = OBJ_37 /* Swift.Property.swift */; };
		OBJ_189 /* Swift.Visibility.swift in Sources */ = {isa = PBXBuildFile; fileRef = OBJ_38 /* Swift.Visibility.swift */; };
		OBJ_190 /* Swift.swift in Sources */ = {isa = PBXBuildFile; fileRef = OBJ_39 /* Swift.swift */; };
		OBJ_191 /* Configuration.swift in Sources */ = {isa = PBXBuildFile; fileRef = OBJ_41 /* Configuration.swift */; };
		OBJ_192 /* ConfigurationCoordinator.swift in Sources */ = {isa = PBXBuildFile; fileRef = OBJ_42 /* ConfigurationCoordinator.swift */; };
		OBJ_193 /* Executable.swift in Sources */ = {isa = PBXBuildFile; fileRef = OBJ_43 /* Executable.swift */; };
		OBJ_194 /* Collection+Append.swift in Sources */ = {isa = PBXBuildFile; fileRef = OBJ_45 /* Collection+Append.swift */; };
		OBJ_195 /* JsonCreatable.swift in Sources */ = {isa = PBXBuildFile; fileRef = OBJ_46 /* JsonCreatable.swift */; };
		OBJ_196 /* String+CaseConversion.swift in Sources */ = {isa = PBXBuildFile; fileRef = OBJ_47 /* String+CaseConversion.swift */; };
		OBJ_197 /* IntrospectionCoordinator.swift in Sources */ = {isa = PBXBuildFile; fileRef = OBJ_49 /* IntrospectionCoordinator.swift */; };
		OBJ_204 /* Package.swift in Sources */ = {isa = PBXBuildFile; fileRef = OBJ_6 /* Package.swift */; };
		OBJ_215 /* ContainingTests.swift in Sources */ = {isa = PBXBuildFile; fileRef = OBJ_54 /* ContainingTests.swift */; };
		OBJ_216 /* Swift.AliasTests.swift in Sources */ = {isa = PBXBuildFile; fileRef = OBJ_55 /* Swift.AliasTests.swift */; };
		OBJ_217 /* Swift.AnnotationTests.swift in Sources */ = {isa = PBXBuildFile; fileRef = OBJ_56 /* Swift.AnnotationTests.swift */; };
		OBJ_218 /* Swift.ClassTests.swift in Sources */ = {isa = PBXBuildFile; fileRef = OBJ_57 /* Swift.ClassTests.swift */; };
		OBJ_219 /* Swift.ContainerTests.swift in Sources */ = {isa = PBXBuildFile; fileRef = OBJ_58 /* Swift.ContainerTests.swift */; };
		OBJ_220 /* Swift.EnumCaseTests.swift in Sources */ = {isa = PBXBuildFile; fileRef = OBJ_59 /* Swift.EnumCaseTests.swift */; };
		OBJ_221 /* Swift.ImportTests.swift in Sources */ = {isa = PBXBuildFile; fileRef = OBJ_60 /* Swift.ImportTests.swift */; };
		OBJ_222 /* Swift.LinesTests.swift in Sources */ = {isa = PBXBuildFile; fileRef = OBJ_61 /* Swift.LinesTests.swift */; };
		OBJ_223 /* Swift.MethodTests.swift in Sources */ = {isa = PBXBuildFile; fileRef = OBJ_62 /* Swift.MethodTests.swift */; };
		OBJ_224 /* Swift.PropertyTests.swift in Sources */ = {isa = PBXBuildFile; fileRef = OBJ_63 /* Swift.PropertyTests.swift */; };
		OBJ_225 /* Swift.VisibilityTests.swift in Sources */ = {isa = PBXBuildFile; fileRef = OBJ_64 /* Swift.VisibilityTests.swift */; };
		OBJ_226 /* ConfigurationTests.swift in Sources */ = {isa = PBXBuildFile; fileRef = OBJ_66 /* ConfigurationTests.swift */; };
		OBJ_227 /* Collection+AppendTests.swift in Sources */ = {isa = PBXBuildFile; fileRef = OBJ_68 /* Collection+AppendTests.swift */; };
		OBJ_228 /* String+CaseConversionTests.swift in Sources */ = {isa = PBXBuildFile; fileRef = OBJ_69 /* String+CaseConversionTests.swift */; };
		OBJ_235 /* MutationsTests.swift in Sources */ = {isa = PBXBuildFile; fileRef = OBJ_78 /* MutationsTests.swift */; };
		OBJ_236 /* QueriesTests.swift in Sources */ = {isa = PBXBuildFile; fileRef = OBJ_79 /* QueriesTests.swift */; };
		OBJ_237 /* TestFragments.swift in Sources */ = {isa = PBXBuildFile; fileRef = OBJ_80 /* TestFragments.swift */; };
		OBJ_238 /* GeneratorTests.swift in Sources */ = {isa = PBXBuildFile; fileRef = OBJ_81 /* GeneratorTests.swift */; };
		OBJ_239 /* Schema.ArgumentTests.swift in Sources */ = {isa = PBXBuildFile; fileRef = OBJ_83 /* Schema.ArgumentTests.swift */; };
		OBJ_240 /* Schema.EnumValueTests.swift in Sources */ = {isa = PBXBuildFile; fileRef = OBJ_84 /* Schema.EnumValueTests.swift */; };
		OBJ_241 /* Schema.FieldTests.swift in Sources */ = {isa = PBXBuildFile; fileRef = OBJ_85 /* Schema.FieldTests.swift */; };
		OBJ_242 /* Schema.InputFieldTests.swift in Sources */ = {isa = PBXBuildFile; fileRef = OBJ_86 /* Schema.InputFieldTests.swift */; };
		OBJ_243 /* Schema.KindTests.swift in Sources */ = {isa = PBXBuildFile; fileRef = OBJ_87 /* Schema.KindTests.swift */; };
		OBJ_244 /* Schema.ObjectTests.swift in Sources */ = {isa = PBXBuildFile; fileRef = OBJ_88 /* Schema.ObjectTests.swift */; };
		OBJ_245 /* Schema.ObjectTypeTests.swift in Sources */ = {isa = PBXBuildFile; fileRef = OBJ_89 /* Schema.ObjectTypeTests.swift */; };
		OBJ_246 /* JsonCreatableTests.swift in Sources */ = {isa = PBXBuildFile; fileRef = OBJ_91 /* JsonCreatableTests.swift */; };
		OBJ_247 /* String+Newline.swift in Sources */ = {isa = PBXBuildFile; fileRef = OBJ_93 /* String+Newline.swift */; };
		OBJ_248 /* XCTestManifests.swift in Sources */ = {isa = PBXBuildFile; fileRef = OBJ_94 /* XCTestManifests.swift */; };
		OBJ_250 /* GQLSchema.framework in Frameworks */ = {isa = PBXBuildFile; fileRef = "gqlschema::GQLSchema::Product" /* GQLSchema.framework */; };
		OBJ_251 /* GQLSchemaGeneratorCore.framework in Frameworks */ = {isa = PBXBuildFile; fileRef = "gqlschemagenerator::GQLSchemaGeneratorCore::Product" /* GQLSchemaGeneratorCore.framework */; };
		OBJ_259 /* Package.swift in Sources */ = {isa = PBXBuildFile; fileRef = OBJ_116 /* Package.swift */; };
/* End PBXBuildFile section */

/* Begin PBXContainerItemProxy section */
		15FB3EDB28DA2BE200DD72C0 /* PBXContainerItemProxy */ = {
			isa = PBXContainerItemProxy;
			containerPortal = OBJ_1 /* Project object */;
			proxyType = 1;
			remoteGlobalIDString = "gqlschemagenerator::GQLSchemaGeneratorCore";
			remoteInfo = GQLSchemaGeneratorCore;
		};
		15FB3EDC28DA2BE200DD72C0 /* PBXContainerItemProxy */ = {
			isa = PBXContainerItemProxy;
			containerPortal = OBJ_1 /* Project object */;
			proxyType = 1;
			remoteGlobalIDString = "gqlschema::GQLSchema";
			remoteInfo = GQLSchema;
		};
		15FB3EDD28DA2BE200DD72C0 /* PBXContainerItemProxy */ = {
			isa = PBXContainerItemProxy;
			containerPortal = OBJ_1 /* Project object */;
			proxyType = 1;
			remoteGlobalIDString = "gqlschemagenerator::GQLSchemaGeneratorCore";
			remoteInfo = GQLSchemaGeneratorCore;
		};
		15FB3EDE28DA2BE300DD72C0 /* PBXContainerItemProxy */ = {
			isa = PBXContainerItemProxy;
			containerPortal = OBJ_1 /* Project object */;
			proxyType = 1;
			remoteGlobalIDString = "gqlschemagenerator::GQLSchemaGeneratorTests";
			remoteInfo = GQLSchemaGeneratorTests;
		};
/* End PBXContainerItemProxy section */

/* Begin PBXFileReference section */
		15FB3EEB28DA308200DD72C0 /* Gen$aliases.swift */ = {isa = PBXFileReference; fileEncoding = 4; lastKnownFileType = sourcecode.swift; name = Gen$aliases.swift; path = Generated/Gen$aliases.swift; sourceTree = "<group>"; };
		15FB3EEC28DA308300DD72C0 /* Gen$enums.swift */ = {isa = PBXFileReference; fileEncoding = 4; lastKnownFileType = sourcecode.swift; name = Gen$enums.swift; path = Generated/Gen$enums.swift; sourceTree = "<group>"; };
		15FB3EED28DA308300DD72C0 /* Gen$queries.swift */ = {isa = PBXFileReference; fileEncoding = 4; lastKnownFileType = sourcecode.swift; name = Gen$queries.swift; path = Generated/Gen$queries.swift; sourceTree = "<group>"; };
		15FB3EEE28DA308300DD72C0 /* Gen$rootQueries.swift */ = {isa = PBXFileReference; fileEncoding = 4; lastKnownFileType = sourcecode.swift; name = Gen$rootQueries.swift; path = Generated/Gen$rootQueries.swift; sourceTree = "<group>"; };
		15FB3EEF28DA308300DD72C0 /* Gen$fragments.swift */ = {isa = PBXFileReference; fileEncoding = 4; lastKnownFileType = sourcecode.swift; name = Gen$fragments.swift; path = Generated/Gen$fragments.swift; sourceTree = "<group>"; };
		15FB3EF028DA308300DD72C0 /* Gen$inputs.swift */ = {isa = PBXFileReference; fileEncoding = 4; lastKnownFileType = sourcecode.swift; name = Gen$inputs.swift; path = Generated/Gen$inputs.swift; sourceTree = "<group>"; };
		OBJ_100 /* GraphQLField.swift */ = {isa = PBXFileReference; lastKnownFileType = sourcecode.swift; path = GraphQLField.swift; sourceTree = "<group>"; };
		OBJ_101 /* GraphQLFragment.swift */ = {isa = PBXFileReference; lastKnownFileType = sourcecode.swift; path = GraphQLFragment.swift; sourceTree = "<group>"; };
		OBJ_102 /* GraphQLInlineFragment.swift */ = {isa = PBXFileReference; lastKnownFileType = sourcecode.swift; path = GraphQLInlineFragment.swift; sourceTree = "<group>"; };
		OBJ_103 /* GraphQLInputType.swift */ = {isa = PBXFileReference; lastKnownFileType = sourcecode.swift; path = GraphQLInputType.swift; sourceTree = "<group>"; };
		OBJ_104 /* GraphQLOperation.swift */ = {isa = PBXFileReference; lastKnownFileType = sourcecode.swift; path = GraphQLOperation.swift; sourceTree = "<group>"; };
		OBJ_105 /* GraphQLOrders.swift */ = {isa = PBXFileReference; lastKnownFileType = sourcecode.swift; path = GraphQLOrders.swift; sourceTree = "<group>"; };
		OBJ_106 /* GraphQLParameter.swift */ = {isa = PBXFileReference; lastKnownFileType = sourcecode.swift; path = GraphQLParameter.swift; sourceTree = "<group>"; };
		OBJ_107 /* GraphQLPredicates.swift */ = {isa = PBXFileReference; lastKnownFileType = sourcecode.swift; path = GraphQLPredicates.swift; sourceTree = "<group>"; };
		OBJ_108 /* GraphQLReferenceType.swift */ = {isa = PBXFileReference; lastKnownFileType = sourcecode.swift; path = GraphQLReferenceType.swift; sourceTree = "<group>"; };
		OBJ_109 /* GraphQLScalarType.swift */ = {isa = PBXFileReference; lastKnownFileType = sourcecode.swift; path = GraphQLScalarType.swift; sourceTree = "<group>"; };
		OBJ_110 /* GraphQLTypedField.swift */ = {isa = PBXFileReference; lastKnownFileType = sourcecode.swift; path = GraphQLTypedField.swift; sourceTree = "<group>"; };
		OBJ_111 /* GraphQLValue.swift */ = {isa = PBXFileReference; lastKnownFileType = sourcecode.swift; path = GraphQLValue.swift; sourceTree = "<group>"; };
		OBJ_112 /* GraphQLValueType.swift */ = {isa = PBXFileReference; lastKnownFileType = sourcecode.swift; path = GraphQLValueType.swift; sourceTree = "<group>"; };
		OBJ_113 /* GraphQLVariable.swift */ = {isa = PBXFileReference; lastKnownFileType = sourcecode.swift; path = GraphQLVariable.swift; sourceTree = "<group>"; };
		OBJ_115 /* Collection+Append.swift */ = {isa = PBXFileReference; lastKnownFileType = sourcecode.swift; path = "Collection+Append.swift"; sourceTree = "<group>"; };
		OBJ_116 /* Package.swift */ = {isa = PBXFileReference; explicitFileType = sourcecode.swift; name = Package.swift; path = /Users/lumyk/ios/GQLSchemaGenerator/.build/checkouts/GQLSchema/Package.swift; sourceTree = "<group>"; };
		OBJ_12 /* Describeable.swift */ = {isa = PBXFileReference; lastKnownFileType = sourcecode.swift; path = Describeable.swift; sourceTree = "<group>"; };
		OBJ_122 /* Scripts */ = {isa = PBXFileReference; lastKnownFileType = folder; path = Scripts; sourceTree = SOURCE_ROOT; };
		OBJ_123 /* build */ = {isa = PBXFileReference; lastKnownFileType = folder; path = build; sourceTree = SOURCE_ROOT; };
		OBJ_124 /* LICENSE */ = {isa = PBXFileReference; lastKnownFileType = text; path = LICENSE; sourceTree = "<group>"; };
		OBJ_125 /* README.md */ = {isa = PBXFileReference; lastKnownFileType = net.daringfireball.markdown; path = README.md; sourceTree = "<group>"; };
		OBJ_126 /* GQLSchemaGenerator.podspec */ = {isa = PBXFileReference; lastKnownFileType = text; path = GQLSchemaGenerator.podspec; sourceTree = "<group>"; };
		OBJ_13 /* Nameable.swift */ = {isa = PBXFileReference; lastKnownFileType = sourcecode.swift; path = Nameable.swift; sourceTree = "<group>"; };
		OBJ_14 /* Typeable.swift */ = {isa = PBXFileReference; lastKnownFileType = sourcecode.swift; path = Typeable.swift; sourceTree = "<group>"; };
		OBJ_15 /* __Schema.__Argument.swift */ = {isa = PBXFileReference; lastKnownFileType = sourcecode.swift; path = __Schema.__Argument.swift; sourceTree = "<group>"; };
		OBJ_16 /* __Schema.__EnumValue.swift */ = {isa = PBXFileReference; lastKnownFileType = sourcecode.swift; path = __Schema.__EnumValue.swift; sourceTree = "<group>"; };
		OBJ_17 /* __Schema.__Field.swift */ = {isa = PBXFileReference; lastKnownFileType = sourcecode.swift; path = __Schema.__Field.swift; sourceTree = "<group>"; };
		OBJ_18 /* __Schema.__InputField.swift */ = {isa = PBXFileReference; lastKnownFileType = sourcecode.swift; path = __Schema.__InputField.swift; sourceTree = "<group>"; };
		OBJ_19 /* __Schema.__Kind.swift */ = {isa = PBXFileReference; lastKnownFileType = sourcecode.swift; path = __Schema.__Kind.swift; sourceTree = "<group>"; };
		OBJ_20 /* __Schema.__Object.swift */ = {isa = PBXFileReference; lastKnownFileType = sourcecode.swift; path = __Schema.__Object.swift; sourceTree = "<group>"; };
		OBJ_21 /* __Schema.__ObjectType.swift */ = {isa = PBXFileReference; lastKnownFileType = sourcecode.swift; path = __Schema.__ObjectType.swift; sourceTree = "<group>"; };
		OBJ_22 /* __Schema.swift */ = {isa = PBXFileReference; lastKnownFileType = sourcecode.swift; path = __Schema.swift; sourceTree = "<group>"; };
		OBJ_23 /* Arguments.swift */ = {isa = PBXFileReference; lastKnownFileType = sourcecode.swift; path = Arguments.swift; sourceTree = "<group>"; };
		OBJ_25 /* Containable.swift */ = {isa = PBXFileReference; lastKnownFileType = sourcecode.swift; path = Containable.swift; sourceTree = "<group>"; };
		OBJ_26 /* Containing.swift */ = {isa = PBXFileReference; lastKnownFileType = sourcecode.swift; path = Containing.swift; sourceTree = "<group>"; };
		OBJ_27 /* StringRepresentable.swift */ = {isa = PBXFileReference; lastKnownFileType = sourcecode.swift; path = StringRepresentable.swift; sourceTree = "<group>"; };
		OBJ_28 /* Swift.Alias.swift */ = {isa = PBXFileReference; lastKnownFileType = sourcecode.swift; path = Swift.Alias.swift; sourceTree = "<group>"; };
		OBJ_29 /* Swift.Annotation.swift */ = {isa = PBXFileReference; lastKnownFileType = sourcecode.swift; path = Swift.Annotation.swift; sourceTree = "<group>"; };
		OBJ_30 /* Swift.Class.swift */ = {isa = PBXFileReference; lastKnownFileType = sourcecode.swift; path = Swift.Class.swift; sourceTree = "<group>"; };
		OBJ_31 /* Swift.Container.swift */ = {isa = PBXFileReference; lastKnownFileType = sourcecode.swift; path = Swift.Container.swift; sourceTree = "<group>"; };
		OBJ_32 /* Swift.EnumCase.swift */ = {isa = PBXFileReference; lastKnownFileType = sourcecode.swift; path = Swift.EnumCase.swift; sourceTree = "<group>"; };
		OBJ_33 /* Swift.Generator.swift */ = {isa = PBXFileReference; lastKnownFileType = sourcecode.swift; path = Swift.Generator.swift; sourceTree = "<group>"; };
		OBJ_34 /* Swift.Import.swift */ = {isa = PBXFileReference; lastKnownFileType = sourcecode.swift; path = Swift.Import.swift; sourceTree = "<group>"; };
		OBJ_35 /* Swift.Line.swift */ = {isa = PBXFileReference; lastKnownFileType = sourcecode.swift; path = Swift.Line.swift; sourceTree = "<group>"; };
		OBJ_36 /* Swift.Method.swift */ = {isa = PBXFileReference; lastKnownFileType = sourcecode.swift; path = Swift.Method.swift; sourceTree = "<group>"; };
		OBJ_37 /* Swift.Property.swift */ = {isa = PBXFileReference; lastKnownFileType = sourcecode.swift; path = Swift.Property.swift; sourceTree = "<group>"; };
		OBJ_38 /* Swift.Visibility.swift */ = {isa = PBXFileReference; lastKnownFileType = sourcecode.swift; path = Swift.Visibility.swift; sourceTree = "<group>"; };
		OBJ_39 /* Swift.swift */ = {isa = PBXFileReference; lastKnownFileType = sourcecode.swift; path = Swift.swift; sourceTree = "<group>"; };
		OBJ_41 /* Configuration.swift */ = {isa = PBXFileReference; lastKnownFileType = sourcecode.swift; path = Configuration.swift; sourceTree = "<group>"; };
		OBJ_42 /* ConfigurationCoordinator.swift */ = {isa = PBXFileReference; lastKnownFileType = sourcecode.swift; path = ConfigurationCoordinator.swift; sourceTree = "<group>"; };
		OBJ_43 /* Executable.swift */ = {isa = PBXFileReference; lastKnownFileType = sourcecode.swift; path = Executable.swift; sourceTree = "<group>"; };
		OBJ_45 /* Collection+Append.swift */ = {isa = PBXFileReference; lastKnownFileType = sourcecode.swift; path = "Collection+Append.swift"; sourceTree = "<group>"; };
		OBJ_46 /* JsonCreatable.swift */ = {isa = PBXFileReference; lastKnownFileType = sourcecode.swift; path = JsonCreatable.swift; sourceTree = "<group>"; };
		OBJ_47 /* String+CaseConversion.swift */ = {isa = PBXFileReference; lastKnownFileType = sourcecode.swift; path = "String+CaseConversion.swift"; sourceTree = "<group>"; };
		OBJ_49 /* IntrospectionCoordinator.swift */ = {isa = PBXFileReference; lastKnownFileType = sourcecode.swift; path = IntrospectionCoordinator.swift; sourceTree = "<group>"; };
		OBJ_52 /* starwars.json */ = {isa = PBXFileReference; lastKnownFileType = text.json; path = starwars.json; sourceTree = "<group>"; };
		OBJ_54 /* ContainingTests.swift */ = {isa = PBXFileReference; lastKnownFileType = sourcecode.swift; path = ContainingTests.swift; sourceTree = "<group>"; };
		OBJ_55 /* Swift.AliasTests.swift */ = {isa = PBXFileReference; lastKnownFileType = sourcecode.swift; path = Swift.AliasTests.swift; sourceTree = "<group>"; };
		OBJ_56 /* Swift.AnnotationTests.swift */ = {isa = PBXFileReference; lastKnownFileType = sourcecode.swift; path = Swift.AnnotationTests.swift; sourceTree = "<group>"; };
		OBJ_57 /* Swift.ClassTests.swift */ = {isa = PBXFileReference; lastKnownFileType = sourcecode.swift; path = Swift.ClassTests.swift; sourceTree = "<group>"; };
		OBJ_58 /* Swift.ContainerTests.swift */ = {isa = PBXFileReference; lastKnownFileType = sourcecode.swift; path = Swift.ContainerTests.swift; sourceTree = "<group>"; };
		OBJ_59 /* Swift.EnumCaseTests.swift */ = {isa = PBXFileReference; lastKnownFileType = sourcecode.swift; path = Swift.EnumCaseTests.swift; sourceTree = "<group>"; };
		OBJ_6 /* Package.swift */ = {isa = PBXFileReference; explicitFileType = sourcecode.swift; path = Package.swift; sourceTree = "<group>"; };
		OBJ_60 /* Swift.ImportTests.swift */ = {isa = PBXFileReference; lastKnownFileType = sourcecode.swift; path = Swift.ImportTests.swift; sourceTree = "<group>"; };
		OBJ_61 /* Swift.LinesTests.swift */ = {isa = PBXFileReference; lastKnownFileType = sourcecode.swift; path = Swift.LinesTests.swift; sourceTree = "<group>"; };
		OBJ_62 /* Swift.MethodTests.swift */ = {isa = PBXFileReference; lastKnownFileType = sourcecode.swift; path = Swift.MethodTests.swift; sourceTree = "<group>"; };
		OBJ_63 /* Swift.PropertyTests.swift */ = {isa = PBXFileReference; lastKnownFileType = sourcecode.swift; path = Swift.PropertyTests.swift; sourceTree = "<group>"; };
		OBJ_64 /* Swift.VisibilityTests.swift */ = {isa = PBXFileReference; lastKnownFileType = sourcecode.swift; path = Swift.VisibilityTests.swift; sourceTree = "<group>"; };
		OBJ_66 /* ConfigurationTests.swift */ = {isa = PBXFileReference; lastKnownFileType = sourcecode.swift; path = ConfigurationTests.swift; sourceTree = "<group>"; };
		OBJ_68 /* Collection+AppendTests.swift */ = {isa = PBXFileReference; lastKnownFileType = sourcecode.swift; path = "Collection+AppendTests.swift"; sourceTree = "<group>"; };
		OBJ_69 /* String+CaseConversionTests.swift */ = {isa = PBXFileReference; lastKnownFileType = sourcecode.swift; path = "String+CaseConversionTests.swift"; sourceTree = "<group>"; };
		OBJ_78 /* MutationsTests.swift */ = {isa = PBXFileReference; lastKnownFileType = sourcecode.swift; path = MutationsTests.swift; sourceTree = "<group>"; };
		OBJ_79 /* QueriesTests.swift */ = {isa = PBXFileReference; lastKnownFileType = sourcecode.swift; path = QueriesTests.swift; sourceTree = "<group>"; };
		OBJ_80 /* TestFragments.swift */ = {isa = PBXFileReference; lastKnownFileType = sourcecode.swift; path = TestFragments.swift; sourceTree = "<group>"; };
		OBJ_81 /* GeneratorTests.swift */ = {isa = PBXFileReference; lastKnownFileType = sourcecode.swift; path = GeneratorTests.swift; sourceTree = "<group>"; };
		OBJ_83 /* Schema.ArgumentTests.swift */ = {isa = PBXFileReference; lastKnownFileType = sourcecode.swift; path = Schema.ArgumentTests.swift; sourceTree = "<group>"; };
		OBJ_84 /* Schema.EnumValueTests.swift */ = {isa = PBXFileReference; lastKnownFileType = sourcecode.swift; path = Schema.EnumValueTests.swift; sourceTree = "<group>"; };
		OBJ_85 /* Schema.FieldTests.swift */ = {isa = PBXFileReference; lastKnownFileType = sourcecode.swift; path = Schema.FieldTests.swift; sourceTree = "<group>"; };
		OBJ_86 /* Schema.InputFieldTests.swift */ = {isa = PBXFileReference; lastKnownFileType = sourcecode.swift; path = Schema.InputFieldTests.swift; sourceTree = "<group>"; };
		OBJ_87 /* Schema.KindTests.swift */ = {isa = PBXFileReference; lastKnownFileType = sourcecode.swift; path = Schema.KindTests.swift; sourceTree = "<group>"; };
		OBJ_88 /* Schema.ObjectTests.swift */ = {isa = PBXFileReference; lastKnownFileType = sourcecode.swift; path = Schema.ObjectTests.swift; sourceTree = "<group>"; };
		OBJ_89 /* Schema.ObjectTypeTests.swift */ = {isa = PBXFileReference; lastKnownFileType = sourcecode.swift; path = Schema.ObjectTypeTests.swift; sourceTree = "<group>"; };
		OBJ_9 /* main.swift */ = {isa = PBXFileReference; lastKnownFileType = sourcecode.swift; path = main.swift; sourceTree = "<group>"; };
		OBJ_91 /* JsonCreatableTests.swift */ = {isa = PBXFileReference; lastKnownFileType = sourcecode.swift; path = JsonCreatableTests.swift; sourceTree = "<group>"; };
		OBJ_93 /* String+Newline.swift */ = {isa = PBXFileReference; lastKnownFileType = sourcecode.swift; path = "String+Newline.swift"; sourceTree = "<group>"; };
		OBJ_94 /* XCTestManifests.swift */ = {isa = PBXFileReference; lastKnownFileType = sourcecode.swift; path = XCTestManifests.swift; sourceTree = "<group>"; };
		OBJ_98 /* Environment.swift */ = {isa = PBXFileReference; lastKnownFileType = sourcecode.swift; path = Environment.swift; sourceTree = "<group>"; };
		OBJ_99 /* GraphQLContainerType.swift */ = {isa = PBXFileReference; lastKnownFileType = sourcecode.swift; path = GraphQLContainerType.swift; sourceTree = "<group>"; };
		"gqlschema::GQLSchema::Product" /* GQLSchema.framework */ = {isa = PBXFileReference; lastKnownFileType = wrapper.framework; path = GQLSchema.framework; sourceTree = BUILT_PRODUCTS_DIR; };
		"gqlschemagenerator::GQLSchemaGenerator::Product" /* GQLSchemaGenerator */ = {isa = PBXFileReference; lastKnownFileType = text; path = GQLSchemaGenerator; sourceTree = BUILT_PRODUCTS_DIR; };
		"gqlschemagenerator::GQLSchemaGeneratorCore::Product" /* GQLSchemaGeneratorCore.framework */ = {isa = PBXFileReference; lastKnownFileType = wrapper.framework; path = GQLSchemaGeneratorCore.framework; sourceTree = BUILT_PRODUCTS_DIR; };
		"gqlschemagenerator::GQLSchemaGeneratorTests::Product" /* GQLSchemaGeneratorTests.xctest */ = {isa = PBXFileReference; lastKnownFileType = file; path = GQLSchemaGeneratorTests.xctest; sourceTree = BUILT_PRODUCTS_DIR; };
/* End PBXFileReference section */

/* Begin PBXFrameworksBuildPhase section */
		OBJ_149 /* Frameworks */ = {
			isa = PBXFrameworksBuildPhase;
			buildActionMask = 0;
			files = (
			);
			runOnlyForDeploymentPostprocessing = 0;
		};
		OBJ_156 /* Frameworks */ = {
			isa = PBXFrameworksBuildPhase;
			buildActionMask = 0;
			files = (
				OBJ_157 /* GQLSchemaGeneratorCore.framework in Frameworks */,
			);
			runOnlyForDeploymentPostprocessing = 0;
		};
		OBJ_198 /* Frameworks */ = {
			isa = PBXFrameworksBuildPhase;
			buildActionMask = 0;
			files = (
			);
			runOnlyForDeploymentPostprocessing = 0;
		};
		OBJ_249 /* Frameworks */ = {
			isa = PBXFrameworksBuildPhase;
			buildActionMask = 0;
			files = (
				OBJ_250 /* GQLSchema.framework in Frameworks */,
				OBJ_251 /* GQLSchemaGeneratorCore.framework in Frameworks */,
			);
			runOnlyForDeploymentPostprocessing = 0;
		};
/* End PBXFrameworksBuildPhase section */

/* Begin PBXGroup section */
		OBJ_10 /* GQLSchemaGeneratorCore */ = {
			isa = PBXGroup;
			children = (
				OBJ_11 /* 1Schema */,
				OBJ_23 /* Arguments.swift */,
				OBJ_24 /* Code Generation */,
				OBJ_40 /* Configuration */,
				OBJ_43 /* Executable.swift */,
				OBJ_44 /* Extensions */,
				OBJ_48 /* Introspection */,
			);
			name = GQLSchemaGeneratorCore;
			path = Sources/GQLSchemaGeneratorCore;
			sourceTree = SOURCE_ROOT;
		};
		OBJ_11 /* 1Schema */ = {
			isa = PBXGroup;
			children = (
				OBJ_12 /* Describeable.swift */,
				OBJ_13 /* Nameable.swift */,
				OBJ_14 /* Typeable.swift */,
				OBJ_15 /* __Schema.__Argument.swift */,
				OBJ_16 /* __Schema.__EnumValue.swift */,
				OBJ_17 /* __Schema.__Field.swift */,
				OBJ_18 /* __Schema.__InputField.swift */,
				OBJ_19 /* __Schema.__Kind.swift */,
				OBJ_20 /* __Schema.__Object.swift */,
				OBJ_21 /* __Schema.__ObjectType.swift */,
				OBJ_22 /* __Schema.swift */,
			);
			path = 1Schema;
			sourceTree = "<group>";
		};
		OBJ_114 /* Utilities */ = {
			isa = PBXGroup;
			children = (
				OBJ_115 /* Collection+Append.swift */,
			);
			path = Utilities;
			sourceTree = "<group>";
		};
		OBJ_117 /* Products */ = {
			isa = PBXGroup;
			children = (
				"gqlschema::GQLSchema::Product" /* GQLSchema.framework */,
				"gqlschemagenerator::GQLSchemaGenerator::Product" /* GQLSchemaGenerator */,
				"gqlschemagenerator::GQLSchemaGeneratorCore::Product" /* GQLSchemaGeneratorCore.framework */,
				"gqlschemagenerator::GQLSchemaGeneratorTests::Product" /* GQLSchemaGeneratorTests.xctest */,
			);
			name = Products;
			sourceTree = BUILT_PRODUCTS_DIR;
		};
		OBJ_24 /* Code Generation */ = {
			isa = PBXGroup;
			children = (
				OBJ_25 /* Containable.swift */,
				OBJ_26 /* Containing.swift */,
				OBJ_27 /* StringRepresentable.swift */,
				OBJ_28 /* Swift.Alias.swift */,
				OBJ_29 /* Swift.Annotation.swift */,
				OBJ_30 /* Swift.Class.swift */,
				OBJ_31 /* Swift.Container.swift */,
				OBJ_32 /* Swift.EnumCase.swift */,
				OBJ_33 /* Swift.Generator.swift */,
				OBJ_34 /* Swift.Import.swift */,
				OBJ_35 /* Swift.Line.swift */,
				OBJ_36 /* Swift.Method.swift */,
				OBJ_37 /* Swift.Property.swift */,
				OBJ_38 /* Swift.Visibility.swift */,
				OBJ_39 /* Swift.swift */,
			);
			path = "Code Generation";
			sourceTree = "<group>";
		};
		OBJ_40 /* Configuration */ = {
			isa = PBXGroup;
			children = (
				OBJ_41 /* Configuration.swift */,
				OBJ_42 /* ConfigurationCoordinator.swift */,
			);
			path = Configuration;
			sourceTree = "<group>";
		};
		OBJ_44 /* Extensions */ = {
			isa = PBXGroup;
			children = (
				OBJ_45 /* Collection+Append.swift */,
				OBJ_46 /* JsonCreatable.swift */,
				OBJ_47 /* String+CaseConversion.swift */,
			);
			path = Extensions;
			sourceTree = "<group>";
		};
		OBJ_48 /* Introspection */ = {
			isa = PBXGroup;
			children = (
				OBJ_49 /* IntrospectionCoordinator.swift */,
			);
			path = Introspection;
			sourceTree = "<group>";
		};
		OBJ_5 /*  */ = {
			isa = PBXGroup;
			children = (
				OBJ_6 /* Package.swift */,
				OBJ_7 /* Sources */,
				OBJ_50 /* Tests */,
				OBJ_95 /* Dependencies */,
				OBJ_117 /* Products */,
				OBJ_122 /* Scripts */,
				OBJ_123 /* build */,
				OBJ_124 /* LICENSE */,
				OBJ_125 /* README.md */,
				OBJ_126 /* GQLSchemaGenerator.podspec */,
			);
			name = "";
			sourceTree = "<group>";
		};
		OBJ_50 /* Tests */ = {
			isa = PBXGroup;
			children = (
				OBJ_51 /* GQLSchemaGeneratorTests */,
			);
			name = Tests;
			sourceTree = SOURCE_ROOT;
		};
		OBJ_51 /* GQLSchemaGeneratorTests */ = {
			isa = PBXGroup;
			children = (
				OBJ_52 /* starwars.json */,
				OBJ_53 /* Code Generation */,
				OBJ_65 /* Configuration */,
				OBJ_67 /* Extensions */,
				OBJ_70 /* Generated */,
				15FB3EEB28DA308200DD72C0 /* Gen$aliases.swift */,
				15FB3EEC28DA308300DD72C0 /* Gen$enums.swift */,
				15FB3EEF28DA308300DD72C0 /* Gen$fragments.swift */,
				15FB3EF028DA308300DD72C0 /* Gen$inputs.swift */,
				15FB3EED28DA308300DD72C0 /* Gen$queries.swift */,
				15FB3EEE28DA308300DD72C0 /* Gen$rootQueries.swift */,
				OBJ_77 /* Generator tests */,
				OBJ_81 /* GeneratorTests.swift */,
				OBJ_82 /* Schema */,
				OBJ_90 /* Shared */,
				OBJ_92 /* Utilities */,
				OBJ_94 /* XCTestManifests.swift */,
			);
			name = GQLSchemaGeneratorTests;
			path = Tests/GQLSchemaGeneratorTests;
			sourceTree = SOURCE_ROOT;
		};
		OBJ_53 /* Code Generation */ = {
			isa = PBXGroup;
			children = (
				OBJ_54 /* ContainingTests.swift */,
				OBJ_55 /* Swift.AliasTests.swift */,
				OBJ_56 /* Swift.AnnotationTests.swift */,
				OBJ_57 /* Swift.ClassTests.swift */,
				OBJ_58 /* Swift.ContainerTests.swift */,
				OBJ_59 /* Swift.EnumCaseTests.swift */,
				OBJ_60 /* Swift.ImportTests.swift */,
				OBJ_61 /* Swift.LinesTests.swift */,
				OBJ_62 /* Swift.MethodTests.swift */,
				OBJ_63 /* Swift.PropertyTests.swift */,
				OBJ_64 /* Swift.VisibilityTests.swift */,
			);
			path = "Code Generation";
			sourceTree = "<group>";
		};
		OBJ_65 /* Configuration */ = {
			isa = PBXGroup;
			children = (
				OBJ_66 /* ConfigurationTests.swift */,
			);
			path = Configuration;
			sourceTree = "<group>";
		};
		OBJ_67 /* Extensions */ = {
			isa = PBXGroup;
			children = (
				OBJ_68 /* Collection+AppendTests.swift */,
				OBJ_69 /* String+CaseConversionTests.swift */,
			);
			path = Extensions;
			sourceTree = "<group>";
		};
		OBJ_7 /* Sources */ = {
			isa = PBXGroup;
			children = (
				OBJ_8 /* GQLSchemaGenerator */,
				OBJ_10 /* GQLSchemaGeneratorCore */,
			);
			name = Sources;
			sourceTree = SOURCE_ROOT;
		};
		OBJ_70 /* Generated */ = {
			isa = PBXGroup;
			children = (
			);
			path = Generated;
			sourceTree = "<group>";
		};
		OBJ_77 /* Generator tests */ = {
			isa = PBXGroup;
			children = (
				OBJ_78 /* MutationsTests.swift */,
				OBJ_79 /* QueriesTests.swift */,
				OBJ_80 /* TestFragments.swift */,
			);
			path = "Generator tests";
			sourceTree = "<group>";
		};
		OBJ_8 /* GQLSchemaGenerator */ = {
			isa = PBXGroup;
			children = (
				OBJ_9 /* main.swift */,
			);
			name = GQLSchemaGenerator;
			path = Sources/GQLSchemaGenerator;
			sourceTree = SOURCE_ROOT;
		};
		OBJ_82 /* Schema */ = {
			isa = PBXGroup;
			children = (
				OBJ_83 /* Schema.ArgumentTests.swift */,
				OBJ_84 /* Schema.EnumValueTests.swift */,
				OBJ_85 /* Schema.FieldTests.swift */,
				OBJ_86 /* Schema.InputFieldTests.swift */,
				OBJ_87 /* Schema.KindTests.swift */,
				OBJ_88 /* Schema.ObjectTests.swift */,
				OBJ_89 /* Schema.ObjectTypeTests.swift */,
			);
			path = Schema;
			sourceTree = "<group>";
		};
		OBJ_90 /* Shared */ = {
			isa = PBXGroup;
			children = (
				OBJ_91 /* JsonCreatableTests.swift */,
			);
			path = Shared;
			sourceTree = "<group>";
		};
		OBJ_92 /* Utilities */ = {
			isa = PBXGroup;
			children = (
				OBJ_93 /* String+Newline.swift */,
			);
			path = Utilities;
			sourceTree = "<group>";
		};
		OBJ_95 /* Dependencies */ = {
			isa = PBXGroup;
			children = (
				OBJ_96 /* GQLSchema 1.1.2 */,
			);
			name = Dependencies;
			sourceTree = "<group>";
		};
		OBJ_96 /* GQLSchema 1.1.2 */ = {
			isa = PBXGroup;
			children = (
				OBJ_97 /* GQLSchema */,
				OBJ_116 /* Package.swift */,
			);
			name = "GQLSchema 1.1.2";
			sourceTree = SOURCE_ROOT;
		};
		OBJ_97 /* GQLSchema */ = {
			isa = PBXGroup;
			children = (
				OBJ_98 /* Environment.swift */,
				OBJ_99 /* GraphQLContainerType.swift */,
				OBJ_100 /* GraphQLField.swift */,
				OBJ_101 /* GraphQLFragment.swift */,
				OBJ_102 /* GraphQLInlineFragment.swift */,
				OBJ_103 /* GraphQLInputType.swift */,
				OBJ_104 /* GraphQLOperation.swift */,
				OBJ_105 /* GraphQLOrders.swift */,
				OBJ_106 /* GraphQLParameter.swift */,
				OBJ_107 /* GraphQLPredicates.swift */,
				OBJ_108 /* GraphQLReferenceType.swift */,
				OBJ_109 /* GraphQLScalarType.swift */,
				OBJ_110 /* GraphQLTypedField.swift */,
				OBJ_111 /* GraphQLValue.swift */,
				OBJ_112 /* GraphQLValueType.swift */,
				OBJ_113 /* GraphQLVariable.swift */,
				OBJ_114 /* Utilities */,
			);
			name = GQLSchema;
			path = .build/checkouts/GQLSchema/Sources/GQLSchema;
			sourceTree = SOURCE_ROOT;
		};
/* End PBXGroup section */

/* Begin PBXNativeTarget section */
		"gqlschema::GQLSchema" /* GQLSchema */ = {
			isa = PBXNativeTarget;
			buildConfigurationList = OBJ_128 /* Build configuration list for PBXNativeTarget "GQLSchema" */;
			buildPhases = (
				OBJ_131 /* Sources */,
				OBJ_149 /* Frameworks */,
			);
			buildRules = (
			);
			dependencies = (
			);
			name = GQLSchema;
			productName = GQLSchema;
			productReference = "gqlschema::GQLSchema::Product" /* GQLSchema.framework */;
			productType = "com.apple.product-type.framework";
		};
		"gqlschema::SwiftPMPackageDescription" /* GQLSchemaPackageDescription */ = {
			isa = PBXNativeTarget;
			buildConfigurationList = OBJ_255 /* Build configuration list for PBXNativeTarget "GQLSchemaPackageDescription" */;
			buildPhases = (
				OBJ_258 /* Sources */,
			);
			buildRules = (
			);
			dependencies = (
			);
			name = GQLSchemaPackageDescription;
			productName = GQLSchemaPackageDescription;
			productType = "com.apple.product-type.framework";
		};
		"gqlschemagenerator::GQLSchemaGenerator" /* GQLSchemaGenerator */ = {
			isa = PBXNativeTarget;
			buildConfigurationList = OBJ_151 /* Build configuration list for PBXNativeTarget "GQLSchemaGenerator" */;
			buildPhases = (
				OBJ_154 /* Sources */,
				OBJ_156 /* Frameworks */,
			);
			buildRules = (
			);
			dependencies = (
				OBJ_158 /* PBXTargetDependency */,
			);
			name = GQLSchemaGenerator;
			productName = GQLSchemaGenerator;
			productReference = "gqlschemagenerator::GQLSchemaGenerator::Product" /* GQLSchemaGenerator */;
			productType = "com.apple.product-type.tool";
		};
		"gqlschemagenerator::GQLSchemaGeneratorCore" /* GQLSchemaGeneratorCore */ = {
			isa = PBXNativeTarget;
			buildConfigurationList = OBJ_160 /* Build configuration list for PBXNativeTarget "GQLSchemaGeneratorCore" */;
			buildPhases = (
				OBJ_163 /* Sources */,
				OBJ_198 /* Frameworks */,
			);
			buildRules = (
			);
			dependencies = (
			);
			name = GQLSchemaGeneratorCore;
			productName = GQLSchemaGeneratorCore;
			productReference = "gqlschemagenerator::GQLSchemaGeneratorCore::Product" /* GQLSchemaGeneratorCore.framework */;
			productType = "com.apple.product-type.framework";
		};
		"gqlschemagenerator::GQLSchemaGeneratorTests" /* GQLSchemaGeneratorTests */ = {
			isa = PBXNativeTarget;
			buildConfigurationList = OBJ_211 /* Build configuration list for PBXNativeTarget "GQLSchemaGeneratorTests" */;
			buildPhases = (
				OBJ_214 /* Sources */,
				OBJ_249 /* Frameworks */,
			);
			buildRules = (
			);
			dependencies = (
				OBJ_252 /* PBXTargetDependency */,
				OBJ_253 /* PBXTargetDependency */,
			);
			name = GQLSchemaGeneratorTests;
			productName = GQLSchemaGeneratorTests;
			productReference = "gqlschemagenerator::GQLSchemaGeneratorTests::Product" /* GQLSchemaGeneratorTests.xctest */;
			productType = "com.apple.product-type.bundle.unit-test";
		};
		"gqlschemagenerator::SwiftPMPackageDescription" /* GQLSchemaGeneratorPackageDescription */ = {
			isa = PBXNativeTarget;
			buildConfigurationList = OBJ_200 /* Build configuration list for PBXNativeTarget "GQLSchemaGeneratorPackageDescription" */;
			buildPhases = (
				OBJ_203 /* Sources */,
			);
			buildRules = (
			);
			dependencies = (
			);
			name = GQLSchemaGeneratorPackageDescription;
			productName = GQLSchemaGeneratorPackageDescription;
			productType = "com.apple.product-type.framework";
		};
/* End PBXNativeTarget section */

/* Begin PBXProject section */
		OBJ_1 /* Project object */ = {
			isa = PBXProject;
			attributes = {
				LastSwiftMigration = 9999;
				LastUpgradeCheck = 9999;
			};
			buildConfigurationList = OBJ_2 /* Build configuration list for PBXProject "GQLSchemaGenerator" */;
			compatibilityVersion = "Xcode 3.2";
			developmentRegion = en;
			hasScannedForEncodings = 0;
			knownRegions = (
				en,
			);
			mainGroup = OBJ_5 /*  */;
			productRefGroup = OBJ_117 /* Products */;
			projectDirPath = "";
			projectRoot = "";
			targets = (
				"gqlschema::GQLSchema" /* GQLSchema */,
				"gqlschemagenerator::GQLSchemaGenerator" /* GQLSchemaGenerator */,
				"gqlschemagenerator::GQLSchemaGeneratorCore" /* GQLSchemaGeneratorCore */,
				"gqlschemagenerator::SwiftPMPackageDescription" /* GQLSchemaGeneratorPackageDescription */,
				"gqlschemagenerator::GQLSchemaGeneratorPackageTests::ProductTarget" /* GQLSchemaGeneratorPackageTests */,
				"gqlschemagenerator::GQLSchemaGeneratorTests" /* GQLSchemaGeneratorTests */,
				"gqlschema::SwiftPMPackageDescription" /* GQLSchemaPackageDescription */,
			);
		};
/* End PBXProject section */

/* Begin PBXSourcesBuildPhase section */
		OBJ_131 /* Sources */ = {
			isa = PBXSourcesBuildPhase;
			buildActionMask = 0;
			files = (
				OBJ_132 /* Environment.swift in Sources */,
				OBJ_133 /* GraphQLContainerType.swift in Sources */,
				OBJ_134 /* GraphQLField.swift in Sources */,
				OBJ_135 /* GraphQLFragment.swift in Sources */,
				OBJ_136 /* GraphQLInlineFragment.swift in Sources */,
				OBJ_137 /* GraphQLInputType.swift in Sources */,
				OBJ_138 /* GraphQLOperation.swift in Sources */,
				OBJ_139 /* GraphQLOrders.swift in Sources */,
				OBJ_140 /* GraphQLParameter.swift in Sources */,
				OBJ_141 /* GraphQLPredicates.swift in Sources */,
				OBJ_142 /* GraphQLReferenceType.swift in Sources */,
				OBJ_143 /* GraphQLScalarType.swift in Sources */,
				OBJ_144 /* GraphQLTypedField.swift in Sources */,
				OBJ_145 /* GraphQLValue.swift in Sources */,
				OBJ_146 /* GraphQLValueType.swift in Sources */,
				OBJ_147 /* GraphQLVariable.swift in Sources */,
				OBJ_148 /* Collection+Append.swift in Sources */,
			);
			runOnlyForDeploymentPostprocessing = 0;
		};
		OBJ_154 /* Sources */ = {
			isa = PBXSourcesBuildPhase;
			buildActionMask = 0;
			files = (
				OBJ_155 /* main.swift in Sources */,
			);
			runOnlyForDeploymentPostprocessing = 0;
		};
		OBJ_163 /* Sources */ = {
			isa = PBXSourcesBuildPhase;
			buildActionMask = 0;
			files = (
				OBJ_164 /* Describeable.swift in Sources */,
				OBJ_165 /* Nameable.swift in Sources */,
				OBJ_166 /* Typeable.swift in Sources */,
				OBJ_167 /* __Schema.__Argument.swift in Sources */,
				OBJ_168 /* __Schema.__EnumValue.swift in Sources */,
				OBJ_169 /* __Schema.__Field.swift in Sources */,
				OBJ_170 /* __Schema.__InputField.swift in Sources */,
				OBJ_171 /* __Schema.__Kind.swift in Sources */,
				OBJ_172 /* __Schema.__Object.swift in Sources */,
				OBJ_173 /* __Schema.__ObjectType.swift in Sources */,
				OBJ_174 /* __Schema.swift in Sources */,
				OBJ_175 /* Arguments.swift in Sources */,
				OBJ_176 /* Containable.swift in Sources */,
				OBJ_177 /* Containing.swift in Sources */,
				OBJ_178 /* StringRepresentable.swift in Sources */,
				OBJ_179 /* Swift.Alias.swift in Sources */,
				OBJ_180 /* Swift.Annotation.swift in Sources */,
				OBJ_181 /* Swift.Class.swift in Sources */,
				OBJ_182 /* Swift.Container.swift in Sources */,
				OBJ_183 /* Swift.EnumCase.swift in Sources */,
				OBJ_184 /* Swift.Generator.swift in Sources */,
				OBJ_185 /* Swift.Import.swift in Sources */,
				OBJ_186 /* Swift.Line.swift in Sources */,
				OBJ_187 /* Swift.Method.swift in Sources */,
				OBJ_188 /* Swift.Property.swift in Sources */,
				OBJ_189 /* Swift.Visibility.swift in Sources */,
				OBJ_190 /* Swift.swift in Sources */,
				OBJ_191 /* Configuration.swift in Sources */,
				OBJ_192 /* ConfigurationCoordinator.swift in Sources */,
				OBJ_193 /* Executable.swift in Sources */,
				OBJ_194 /* Collection+Append.swift in Sources */,
				OBJ_195 /* JsonCreatable.swift in Sources */,
				OBJ_196 /* String+CaseConversion.swift in Sources */,
				OBJ_197 /* IntrospectionCoordinator.swift in Sources */,
			);
			runOnlyForDeploymentPostprocessing = 0;
		};
		OBJ_203 /* Sources */ = {
			isa = PBXSourcesBuildPhase;
			buildActionMask = 0;
			files = (
				OBJ_204 /* Package.swift in Sources */,
			);
			runOnlyForDeploymentPostprocessing = 0;
		};
		OBJ_214 /* Sources */ = {
			isa = PBXSourcesBuildPhase;
			buildActionMask = 0;
			files = (
				OBJ_215 /* ContainingTests.swift in Sources */,
				OBJ_216 /* Swift.AliasTests.swift in Sources */,
				OBJ_217 /* Swift.AnnotationTests.swift in Sources */,
				OBJ_218 /* Swift.ClassTests.swift in Sources */,
				OBJ_219 /* Swift.ContainerTests.swift in Sources */,
				OBJ_220 /* Swift.EnumCaseTests.swift in Sources */,
				OBJ_221 /* Swift.ImportTests.swift in Sources */,
				OBJ_222 /* Swift.LinesTests.swift in Sources */,
				OBJ_223 /* Swift.MethodTests.swift in Sources */,
				OBJ_224 /* Swift.PropertyTests.swift in Sources */,
				OBJ_225 /* Swift.VisibilityTests.swift in Sources */,
				OBJ_226 /* ConfigurationTests.swift in Sources */,
				OBJ_227 /* Collection+AppendTests.swift in Sources */,
				OBJ_228 /* String+CaseConversionTests.swift in Sources */,
				15FB3EF228DA308300DD72C0 /* Gen$enums.swift in Sources */,
				15FB3EF128DA308300DD72C0 /* Gen$aliases.swift in Sources */,
				15FB3EF428DA308300DD72C0 /* Gen$rootQueries.swift in Sources */,
				OBJ_235 /* MutationsTests.swift in Sources */,
				15FB3EF328DA308300DD72C0 /* Gen$queries.swift in Sources */,
				OBJ_236 /* QueriesTests.swift in Sources */,
				OBJ_237 /* TestFragments.swift in Sources */,
				OBJ_238 /* GeneratorTests.swift in Sources */,
				15FB3EF628DA308300DD72C0 /* Gen$inputs.swift in Sources */,
				OBJ_239 /* Schema.ArgumentTests.swift in Sources */,
				OBJ_240 /* Schema.EnumValueTests.swift in Sources */,
				OBJ_241 /* Schema.FieldTests.swift in Sources */,
				OBJ_242 /* Schema.InputFieldTests.swift in Sources */,
				OBJ_243 /* Schema.KindTests.swift in Sources */,
				OBJ_244 /* Schema.ObjectTests.swift in Sources */,
				OBJ_245 /* Schema.ObjectTypeTests.swift in Sources */,
				15FB3EF528DA308300DD72C0 /* Gen$fragments.swift in Sources */,
				OBJ_246 /* JsonCreatableTests.swift in Sources */,
				OBJ_247 /* String+Newline.swift in Sources */,
				OBJ_248 /* XCTestManifests.swift in Sources */,
			);
			runOnlyForDeploymentPostprocessing = 0;
		};
		OBJ_258 /* Sources */ = {
			isa = PBXSourcesBuildPhase;
			buildActionMask = 0;
			files = (
				OBJ_259 /* Package.swift in Sources */,
			);
			runOnlyForDeploymentPostprocessing = 0;
		};
/* End PBXSourcesBuildPhase section */

/* Begin PBXTargetDependency section */
		OBJ_158 /* PBXTargetDependency */ = {
			isa = PBXTargetDependency;
			target = "gqlschemagenerator::GQLSchemaGeneratorCore" /* GQLSchemaGeneratorCore */;
			targetProxy = 15FB3EDB28DA2BE200DD72C0 /* PBXContainerItemProxy */;
		};
		OBJ_209 /* PBXTargetDependency */ = {
			isa = PBXTargetDependency;
			target = "gqlschemagenerator::GQLSchemaGeneratorTests" /* GQLSchemaGeneratorTests */;
			targetProxy = 15FB3EDE28DA2BE300DD72C0 /* PBXContainerItemProxy */;
		};
		OBJ_252 /* PBXTargetDependency */ = {
			isa = PBXTargetDependency;
			target = "gqlschema::GQLSchema" /* GQLSchema */;
			targetProxy = 15FB3EDC28DA2BE200DD72C0 /* PBXContainerItemProxy */;
		};
		OBJ_253 /* PBXTargetDependency */ = {
			isa = PBXTargetDependency;
			target = "gqlschemagenerator::GQLSchemaGeneratorCore" /* GQLSchemaGeneratorCore */;
			targetProxy = 15FB3EDD28DA2BE200DD72C0 /* PBXContainerItemProxy */;
		};
/* End PBXTargetDependency section */

/* Begin XCBuildConfiguration section */
		OBJ_129 /* Debug */ = {
			isa = XCBuildConfiguration;
			buildSettings = {
				CURRENT_PROJECT_VERSION = 1;
				ENABLE_TESTABILITY = YES;
				FRAMEWORK_SEARCH_PATHS = (
					"$(inherited)",
					"$(PLATFORM_DIR)/Developer/Library/Frameworks",
				);
				HEADER_SEARCH_PATHS = "$(inherited)";
				INFOPLIST_FILE = GQLSchemaGenerator.xcodeproj/GQLSchema_Info.plist;
				LD_RUNPATH_SEARCH_PATHS = "$(inherited) $(TOOLCHAIN_DIR)/usr/lib/swift/macosx";
				OTHER_CFLAGS = "$(inherited)";
				OTHER_LDFLAGS = "$(inherited)";
				OTHER_SWIFT_FLAGS = "$(inherited)";
				PRODUCT_BUNDLE_IDENTIFIER = GQLSchema;
				PRODUCT_MODULE_NAME = "$(TARGET_NAME:c99extidentifier)";
				PRODUCT_NAME = "$(TARGET_NAME:c99extidentifier)";
				SKIP_INSTALL = YES;
				SWIFT_ACTIVE_COMPILATION_CONDITIONS = "$(inherited)";
				SWIFT_VERSION = 4.2;
				TARGET_NAME = GQLSchema;
			};
			name = Debug;
		};
		OBJ_130 /* Release */ = {
			isa = XCBuildConfiguration;
			buildSettings = {
				CURRENT_PROJECT_VERSION = 1;
				ENABLE_TESTABILITY = YES;
				FRAMEWORK_SEARCH_PATHS = (
					"$(inherited)",
					"$(PLATFORM_DIR)/Developer/Library/Frameworks",
				);
				HEADER_SEARCH_PATHS = "$(inherited)";
				INFOPLIST_FILE = GQLSchemaGenerator.xcodeproj/GQLSchema_Info.plist;
				LD_RUNPATH_SEARCH_PATHS = "$(inherited) $(TOOLCHAIN_DIR)/usr/lib/swift/macosx";
				OTHER_CFLAGS = "$(inherited)";
				OTHER_LDFLAGS = "$(inherited)";
				OTHER_SWIFT_FLAGS = "$(inherited)";
				PRODUCT_BUNDLE_IDENTIFIER = GQLSchema;
				PRODUCT_MODULE_NAME = "$(TARGET_NAME:c99extidentifier)";
				PRODUCT_NAME = "$(TARGET_NAME:c99extidentifier)";
				SKIP_INSTALL = YES;
				SWIFT_ACTIVE_COMPILATION_CONDITIONS = "$(inherited)";
				SWIFT_VERSION = 4.2;
				TARGET_NAME = GQLSchema;
			};
			name = Release;
		};
		OBJ_152 /* Debug */ = {
			isa = XCBuildConfiguration;
			buildSettings = {
				CURRENT_PROJECT_VERSION = 1;
				FRAMEWORK_SEARCH_PATHS = (
					"$(inherited)",
					"$(PLATFORM_DIR)/Developer/Library/Frameworks",
				);
				HEADER_SEARCH_PATHS = "$(inherited)";
				INFOPLIST_FILE = GQLSchemaGenerator.xcodeproj/GQLSchemaGenerator_Info.plist;
				LD_RUNPATH_SEARCH_PATHS = "$(inherited) $(TOOLCHAIN_DIR)/usr/lib/swift/macosx @executable_path";
				OTHER_CFLAGS = "$(inherited)";
				OTHER_LDFLAGS = "$(inherited)";
				OTHER_SWIFT_FLAGS = "$(inherited)";
				SWIFT_ACTIVE_COMPILATION_CONDITIONS = "$(inherited)";
				SWIFT_FORCE_DYNAMIC_LINK_STDLIB = YES;
				SWIFT_FORCE_STATIC_LINK_STDLIB = NO;
				SWIFT_VERSION = 4.2;
				TARGET_NAME = GQLSchemaGenerator;
			};
			name = Debug;
		};
		OBJ_153 /* Release */ = {
			isa = XCBuildConfiguration;
			buildSettings = {
				CURRENT_PROJECT_VERSION = 1;
				FRAMEWORK_SEARCH_PATHS = (
					"$(inherited)",
					"$(PLATFORM_DIR)/Developer/Library/Frameworks",
				);
				HEADER_SEARCH_PATHS = "$(inherited)";
				INFOPLIST_FILE = GQLSchemaGenerator.xcodeproj/GQLSchemaGenerator_Info.plist;
				LD_RUNPATH_SEARCH_PATHS = "$(inherited) $(TOOLCHAIN_DIR)/usr/lib/swift/macosx @executable_path";
				OTHER_CFLAGS = "$(inherited)";
				OTHER_LDFLAGS = "$(inherited)";
				OTHER_SWIFT_FLAGS = "$(inherited)";
				SWIFT_ACTIVE_COMPILATION_CONDITIONS = "$(inherited)";
				SWIFT_FORCE_DYNAMIC_LINK_STDLIB = YES;
				SWIFT_FORCE_STATIC_LINK_STDLIB = NO;
				SWIFT_VERSION = 4.2;
				TARGET_NAME = GQLSchemaGenerator;
			};
			name = Release;
		};
		OBJ_161 /* Debug */ = {
			isa = XCBuildConfiguration;
			buildSettings = {
				CURRENT_PROJECT_VERSION = 1;
				ENABLE_TESTABILITY = YES;
				FRAMEWORK_SEARCH_PATHS = (
					"$(inherited)",
					"$(PLATFORM_DIR)/Developer/Library/Frameworks",
				);
				HEADER_SEARCH_PATHS = "$(inherited)";
				INFOPLIST_FILE = GQLSchemaGenerator.xcodeproj/GQLSchemaGeneratorCore_Info.plist;
				LD_RUNPATH_SEARCH_PATHS = "$(inherited) $(TOOLCHAIN_DIR)/usr/lib/swift/macosx";
				OTHER_CFLAGS = "$(inherited)";
				OTHER_LDFLAGS = "$(inherited)";
				OTHER_SWIFT_FLAGS = "$(inherited)";
				PRODUCT_BUNDLE_IDENTIFIER = GQLSchemaGeneratorCore;
				PRODUCT_MODULE_NAME = "$(TARGET_NAME:c99extidentifier)";
				PRODUCT_NAME = "$(TARGET_NAME:c99extidentifier)";
				SKIP_INSTALL = YES;
				SWIFT_ACTIVE_COMPILATION_CONDITIONS = "$(inherited)";
				SWIFT_VERSION = 4.2;
				TARGET_NAME = GQLSchemaGeneratorCore;
			};
			name = Debug;
		};
		OBJ_162 /* Release */ = {
			isa = XCBuildConfiguration;
			buildSettings = {
				CURRENT_PROJECT_VERSION = 1;
				ENABLE_TESTABILITY = YES;
				FRAMEWORK_SEARCH_PATHS = (
					"$(inherited)",
					"$(PLATFORM_DIR)/Developer/Library/Frameworks",
				);
				HEADER_SEARCH_PATHS = "$(inherited)";
				INFOPLIST_FILE = GQLSchemaGenerator.xcodeproj/GQLSchemaGeneratorCore_Info.plist;
				LD_RUNPATH_SEARCH_PATHS = "$(inherited) $(TOOLCHAIN_DIR)/usr/lib/swift/macosx";
				OTHER_CFLAGS = "$(inherited)";
				OTHER_LDFLAGS = "$(inherited)";
				OTHER_SWIFT_FLAGS = "$(inherited)";
				PRODUCT_BUNDLE_IDENTIFIER = GQLSchemaGeneratorCore;
				PRODUCT_MODULE_NAME = "$(TARGET_NAME:c99extidentifier)";
				PRODUCT_NAME = "$(TARGET_NAME:c99extidentifier)";
				SKIP_INSTALL = YES;
				SWIFT_ACTIVE_COMPILATION_CONDITIONS = "$(inherited)";
				SWIFT_VERSION = 4.2;
				TARGET_NAME = GQLSchemaGeneratorCore;
			};
			name = Release;
		};
		OBJ_201 /* Debug */ = {
			isa = XCBuildConfiguration;
			buildSettings = {
				LD = /usr/bin/true;
				OTHER_SWIFT_FLAGS = "-swift-version 4.2 -I $(TOOLCHAIN_DIR)/usr/lib/swift/pm/ManifestAPI -sdk /Applications/Xcode.app/Contents/Developer/Platforms/MacOSX.platform/Developer/SDKs/MacOSX12.3.sdk -package-description-version 4.2.0";
				SWIFT_VERSION = 4.2;
			};
			name = Debug;
		};
		OBJ_202 /* Release */ = {
			isa = XCBuildConfiguration;
			buildSettings = {
				LD = /usr/bin/true;
				OTHER_SWIFT_FLAGS = "-swift-version 4.2 -I $(TOOLCHAIN_DIR)/usr/lib/swift/pm/ManifestAPI -sdk /Applications/Xcode.app/Contents/Developer/Platforms/MacOSX.platform/Developer/SDKs/MacOSX12.3.sdk -package-description-version 4.2.0";
				SWIFT_VERSION = 4.2;
			};
			name = Release;
		};
		OBJ_207 /* Debug */ = {
			isa = XCBuildConfiguration;
			buildSettings = {
			};
			name = Debug;
		};
		OBJ_208 /* Release */ = {
			isa = XCBuildConfiguration;
			buildSettings = {
			};
			name = Release;
		};
		OBJ_212 /* Debug */ = {
			isa = XCBuildConfiguration;
			buildSettings = {
				CLANG_ENABLE_MODULES = YES;
				CURRENT_PROJECT_VERSION = 1;
				EMBEDDED_CONTENT_CONTAINS_SWIFT = YES;
				FRAMEWORK_SEARCH_PATHS = (
					"$(inherited)",
					"$(PLATFORM_DIR)/Developer/Library/Frameworks",
				);
				HEADER_SEARCH_PATHS = "$(inherited)";
				INFOPLIST_FILE = GQLSchemaGenerator.xcodeproj/GQLSchemaGeneratorTests_Info.plist;
				LD_RUNPATH_SEARCH_PATHS = "$(inherited) @loader_path/../Frameworks @loader_path/Frameworks";
				OTHER_CFLAGS = "$(inherited)";
				OTHER_LDFLAGS = "$(inherited)";
				OTHER_SWIFT_FLAGS = "$(inherited)";
				SWIFT_ACTIVE_COMPILATION_CONDITIONS = "$(inherited)";
				SWIFT_VERSION = 4.2;
				TARGET_NAME = GQLSchemaGeneratorTests;
			};
			name = Debug;
		};
		OBJ_213 /* Release */ = {
			isa = XCBuildConfiguration;
			buildSettings = {
				CLANG_ENABLE_MODULES = YES;
				CURRENT_PROJECT_VERSION = 1;
				EMBEDDED_CONTENT_CONTAINS_SWIFT = YES;
				FRAMEWORK_SEARCH_PATHS = (
					"$(inherited)",
					"$(PLATFORM_DIR)/Developer/Library/Frameworks",
				);
				HEADER_SEARCH_PATHS = "$(inherited)";
				INFOPLIST_FILE = GQLSchemaGenerator.xcodeproj/GQLSchemaGeneratorTests_Info.plist;
				LD_RUNPATH_SEARCH_PATHS = "$(inherited) @loader_path/../Frameworks @loader_path/Frameworks";
				OTHER_CFLAGS = "$(inherited)";
				OTHER_LDFLAGS = "$(inherited)";
				OTHER_SWIFT_FLAGS = "$(inherited)";
				SWIFT_ACTIVE_COMPILATION_CONDITIONS = "$(inherited)";
				SWIFT_VERSION = 4.2;
				TARGET_NAME = GQLSchemaGeneratorTests;
			};
			name = Release;
		};
		OBJ_256 /* Debug */ = {
			isa = XCBuildConfiguration;
			buildSettings = {
				LD = /usr/bin/true;
				OTHER_SWIFT_FLAGS = "-swift-version 4.2 -I $(TOOLCHAIN_DIR)/usr/lib/swift/pm/ManifestAPI -sdk /Applications/Xcode.app/Contents/Developer/Platforms/MacOSX.platform/Developer/SDKs/MacOSX12.3.sdk -package-description-version 4.2.0";
				SWIFT_VERSION = 4.2;
			};
			name = Debug;
		};
		OBJ_257 /* Release */ = {
			isa = XCBuildConfiguration;
			buildSettings = {
				LD = /usr/bin/true;
				OTHER_SWIFT_FLAGS = "-swift-version 4.2 -I $(TOOLCHAIN_DIR)/usr/lib/swift/pm/ManifestAPI -sdk /Applications/Xcode.app/Contents/Developer/Platforms/MacOSX.platform/Developer/SDKs/MacOSX12.3.sdk -package-description-version 4.2.0";
				SWIFT_VERSION = 4.2;
			};
			name = Release;
		};
		OBJ_3 /* Debug */ = {
			isa = XCBuildConfiguration;
			buildSettings = {
				CLANG_ENABLE_OBJC_ARC = YES;
				COMBINE_HIDPI_IMAGES = YES;
				COPY_PHASE_STRIP = NO;
				DEBUG_INFORMATION_FORMAT = dwarf;
				DYLIB_INSTALL_NAME_BASE = "@rpath";
				ENABLE_NS_ASSERTIONS = YES;
				GCC_OPTIMIZATION_LEVEL = 0;
				GCC_PREPROCESSOR_DEFINITIONS = (
					"$(inherited)",
					"SWIFT_PACKAGE=1",
					"DEBUG=1",
				);
				MACOSX_DEPLOYMENT_TARGET = 10.10;
				ONLY_ACTIVE_ARCH = YES;
				OTHER_SWIFT_FLAGS = "$(inherited) -DXcode";
				PRODUCT_NAME = "$(TARGET_NAME)";
				SDKROOT = macosx;
				SUPPORTED_PLATFORMS = "$(AVAILABLE_PLATFORMS)";
				SUPPORTS_MACCATALYST = YES;
				SWIFT_ACTIVE_COMPILATION_CONDITIONS = "$(inherited) SWIFT_PACKAGE DEBUG";
				SWIFT_OPTIMIZATION_LEVEL = "-Onone";
				USE_HEADERMAP = NO;
			};
			name = Debug;
		};
		OBJ_4 /* Release */ = {
			isa = XCBuildConfiguration;
			buildSettings = {
				CLANG_ENABLE_OBJC_ARC = YES;
				COMBINE_HIDPI_IMAGES = YES;
				COPY_PHASE_STRIP = YES;
				DEBUG_INFORMATION_FORMAT = "dwarf-with-dsym";
				DYLIB_INSTALL_NAME_BASE = "@rpath";
				GCC_OPTIMIZATION_LEVEL = s;
				GCC_PREPROCESSOR_DEFINITIONS = (
					"$(inherited)",
					"SWIFT_PACKAGE=1",
				);
				MACOSX_DEPLOYMENT_TARGET = 10.10;
				OTHER_SWIFT_FLAGS = "$(inherited) -DXcode";
				PRODUCT_NAME = "$(TARGET_NAME)";
				SDKROOT = macosx;
				SUPPORTED_PLATFORMS = "$(AVAILABLE_PLATFORMS)";
				SUPPORTS_MACCATALYST = YES;
				SWIFT_ACTIVE_COMPILATION_CONDITIONS = "$(inherited) SWIFT_PACKAGE";
				SWIFT_OPTIMIZATION_LEVEL = "-Owholemodule";
				USE_HEADERMAP = NO;
			};
			name = Release;
		};
/* End XCBuildConfiguration section */

/* Begin XCConfigurationList section */
		OBJ_128 /* Build configuration list for PBXNativeTarget "GQLSchema" */ = {
			isa = XCConfigurationList;
			buildConfigurations = (
				OBJ_129 /* Debug */,
				OBJ_130 /* Release */,
			);
			defaultConfigurationIsVisible = 0;
			defaultConfigurationName = Release;
		};
		OBJ_151 /* Build configuration list for PBXNativeTarget "GQLSchemaGenerator" */ = {
			isa = XCConfigurationList;
			buildConfigurations = (
				OBJ_152 /* Debug */,
				OBJ_153 /* Release */,
			);
			defaultConfigurationIsVisible = 0;
			defaultConfigurationName = Release;
		};
		OBJ_160 /* Build configuration list for PBXNativeTarget "GQLSchemaGeneratorCore" */ = {
			isa = XCConfigurationList;
			buildConfigurations = (
				OBJ_161 /* Debug */,
				OBJ_162 /* Release */,
			);
			defaultConfigurationIsVisible = 0;
			defaultConfigurationName = Release;
		};
		OBJ_2 /* Build configuration list for PBXProject "GQLSchemaGenerator" */ = {
			isa = XCConfigurationList;
			buildConfigurations = (
				OBJ_3 /* Debug */,
				OBJ_4 /* Release */,
			);
			defaultConfigurationIsVisible = 0;
			defaultConfigurationName = Release;
		};
		OBJ_200 /* Build configuration list for PBXNativeTarget "GQLSchemaGeneratorPackageDescription" */ = {
			isa = XCConfigurationList;
			buildConfigurations = (
				OBJ_201 /* Debug */,
				OBJ_202 /* Release */,
			);
			defaultConfigurationIsVisible = 0;
			defaultConfigurationName = Release;
		};
		OBJ_206 /* Build configuration list for PBXAggregateTarget "GQLSchemaGeneratorPackageTests" */ = {
			isa = XCConfigurationList;
			buildConfigurations = (
				OBJ_207 /* Debug */,
				OBJ_208 /* Release */,
			);
			defaultConfigurationIsVisible = 0;
			defaultConfigurationName = Release;
		};
		OBJ_211 /* Build configuration list for PBXNativeTarget "GQLSchemaGeneratorTests" */ = {
			isa = XCConfigurationList;
			buildConfigurations = (
				OBJ_212 /* Debug */,
				OBJ_213 /* Release */,
			);
			defaultConfigurationIsVisible = 0;
			defaultConfigurationName = Release;
		};
		OBJ_255 /* Build configuration list for PBXNativeTarget "GQLSchemaPackageDescription" */ = {
			isa = XCConfigurationList;
			buildConfigurations = (
				OBJ_256 /* Debug */,
				OBJ_257 /* Release */,
			);
			defaultConfigurationIsVisible = 0;
			defaultConfigurationName = Release;
		};
/* End XCConfigurationList section */
	};
	rootObject = OBJ_1 /* Project object */;
}
